// !$*UTF8*$!
{
	archiveVersion = 1;
	classes = {
	};
	objectVersion = 55;
	objects = {

/* Begin PBXBuildFile section */
		034724EE27B7B29C0094E2C4 /* ChatListTableViewController.swift in Sources */ = {isa = PBXBuildFile; fileRef = 034724EC27B7B29C0094E2C4 /* ChatListTableViewController.swift */; };
		034724EF27B7B29C0094E2C4 /* ChatListTableViewController.xib in Resources */ = {isa = PBXBuildFile; fileRef = 034724ED27B7B29C0094E2C4 /* ChatListTableViewController.xib */; };
		034724F127B7B44F0094E2C4 /* ChatListViewModel.swift in Sources */ = {isa = PBXBuildFile; fileRef = 034724F027B7B44F0094E2C4 /* ChatListViewModel.swift */; };
		0375570727B6A047009A12E7 /* AppDelegate.swift in Sources */ = {isa = PBXBuildFile; fileRef = 0375570627B6A047009A12E7 /* AppDelegate.swift */; };
		0375570927B6A047009A12E7 /* SceneDelegate.swift in Sources */ = {isa = PBXBuildFile; fileRef = 0375570827B6A047009A12E7 /* SceneDelegate.swift */; };
		0375570B27B6A047009A12E7 /* ViewController.swift in Sources */ = {isa = PBXBuildFile; fileRef = 0375570A27B6A047009A12E7 /* ViewController.swift */; };
		0375570E27B6A047009A12E7 /* Main.storyboard in Resources */ = {isa = PBXBuildFile; fileRef = 0375570C27B6A047009A12E7 /* Main.storyboard */; };
		0375571027B6A049009A12E7 /* Assets.xcassets in Resources */ = {isa = PBXBuildFile; fileRef = 0375570F27B6A049009A12E7 /* Assets.xcassets */; };
		0375571327B6A049009A12E7 /* LaunchScreen.storyboard in Resources */ = {isa = PBXBuildFile; fileRef = 0375571127B6A049009A12E7 /* LaunchScreen.storyboard */; };
		039F298E27B79D2700D82F05 /* LoginViewController.swift in Sources */ = {isa = PBXBuildFile; fileRef = 039F298C27B79D2700D82F05 /* LoginViewController.swift */; };
		039F298F27B79D2700D82F05 /* LoginViewController.xib in Resources */ = {isa = PBXBuildFile; fileRef = 039F298D27B79D2700D82F05 /* LoginViewController.xib */; };
		7A296B8F395E1D4F2FDD6D64 /* Pods_qiscus_case_study.framework in Frameworks */ = {isa = PBXBuildFile; fileRef = C4C66A8431519676ADB7F9E0 /* Pods_qiscus_case_study.framework */; };
/* End PBXBuildFile section */

/* Begin PBXFileReference section */
		034724EC27B7B29C0094E2C4 /* ChatListTableViewController.swift */ = {isa = PBXFileReference; lastKnownFileType = sourcecode.swift; path = ChatListTableViewController.swift; sourceTree = "<group>"; };
		034724ED27B7B29C0094E2C4 /* ChatListTableViewController.xib */ = {isa = PBXFileReference; lastKnownFileType = file.xib; path = ChatListTableViewController.xib; sourceTree = "<group>"; };
		034724F027B7B44F0094E2C4 /* ChatListViewModel.swift */ = {isa = PBXFileReference; lastKnownFileType = sourcecode.swift; path = ChatListViewModel.swift; sourceTree = "<group>"; };
		0375570327B6A047009A12E7 /* qiscus-case-study.app */ = {isa = PBXFileReference; explicitFileType = wrapper.application; includeInIndex = 0; path = "qiscus-case-study.app"; sourceTree = BUILT_PRODUCTS_DIR; };
		0375570627B6A047009A12E7 /* AppDelegate.swift */ = {isa = PBXFileReference; lastKnownFileType = sourcecode.swift; path = AppDelegate.swift; sourceTree = "<group>"; };
		0375570827B6A047009A12E7 /* SceneDelegate.swift */ = {isa = PBXFileReference; lastKnownFileType = sourcecode.swift; path = SceneDelegate.swift; sourceTree = "<group>"; };
		0375570A27B6A047009A12E7 /* ViewController.swift */ = {isa = PBXFileReference; lastKnownFileType = sourcecode.swift; path = ViewController.swift; sourceTree = "<group>"; };
		0375570D27B6A047009A12E7 /* Base */ = {isa = PBXFileReference; lastKnownFileType = file.storyboard; name = Base; path = Base.lproj/Main.storyboard; sourceTree = "<group>"; };
		0375570F27B6A049009A12E7 /* Assets.xcassets */ = {isa = PBXFileReference; lastKnownFileType = folder.assetcatalog; path = Assets.xcassets; sourceTree = "<group>"; };
		0375571227B6A049009A12E7 /* Base */ = {isa = PBXFileReference; lastKnownFileType = file.storyboard; name = Base; path = Base.lproj/LaunchScreen.storyboard; sourceTree = "<group>"; };
		0375571427B6A049009A12E7 /* Info.plist */ = {isa = PBXFileReference; lastKnownFileType = text.plist.xml; path = Info.plist; sourceTree = "<group>"; };
		039F298C27B79D2700D82F05 /* LoginViewController.swift */ = {isa = PBXFileReference; lastKnownFileType = sourcecode.swift; path = LoginViewController.swift; sourceTree = "<group>"; };
		039F298D27B79D2700D82F05 /* LoginViewController.xib */ = {isa = PBXFileReference; lastKnownFileType = file.xib; path = LoginViewController.xib; sourceTree = "<group>"; };
		44FC9449A75932378857F9AC /* Pods-qiscus-case-study.release.xcconfig */ = {isa = PBXFileReference; includeInIndex = 1; lastKnownFileType = text.xcconfig; name = "Pods-qiscus-case-study.release.xcconfig"; path = "Target Support Files/Pods-qiscus-case-study/Pods-qiscus-case-study.release.xcconfig"; sourceTree = "<group>"; };
		6BACA587E16D6ED5AECE976A /* Pods-qiscus-case-study.debug.xcconfig */ = {isa = PBXFileReference; includeInIndex = 1; lastKnownFileType = text.xcconfig; name = "Pods-qiscus-case-study.debug.xcconfig"; path = "Target Support Files/Pods-qiscus-case-study/Pods-qiscus-case-study.debug.xcconfig"; sourceTree = "<group>"; };
		C4C66A8431519676ADB7F9E0 /* Pods_qiscus_case_study.framework */ = {isa = PBXFileReference; explicitFileType = wrapper.framework; includeInIndex = 0; path = Pods_qiscus_case_study.framework; sourceTree = BUILT_PRODUCTS_DIR; };
/* End PBXFileReference section */

/* Begin PBXFrameworksBuildPhase section */
		0375570027B6A047009A12E7 /* Frameworks */ = {
			isa = PBXFrameworksBuildPhase;
			buildActionMask = 2147483647;
			files = (
				7A296B8F395E1D4F2FDD6D64 /* Pods_qiscus_case_study.framework in Frameworks */,
			);
			runOnlyForDeploymentPostprocessing = 0;
		};
/* End PBXFrameworksBuildPhase section */

/* Begin PBXGroup section */
		037556FA27B6A047009A12E7 = {
			isa = PBXGroup;
			children = (
				0375570527B6A047009A12E7 /* qiscus-case-study */,
				0375570427B6A047009A12E7 /* Products */,
				420A05312C680A47760E1D35 /* Pods */,
				F884C9A61EF8A3E96931EBE4 /* Frameworks */,
			);
			sourceTree = "<group>";
		};
		0375570427B6A047009A12E7 /* Products */ = {
			isa = PBXGroup;
			children = (
				0375570327B6A047009A12E7 /* qiscus-case-study.app */,
			);
			name = Products;
			sourceTree = "<group>";
		};
		0375570527B6A047009A12E7 /* qiscus-case-study */ = {
			isa = PBXGroup;
			children = (
				039F298727B79CB700D82F05 /* ChatView */,
				039F298627B79C9C00D82F05 /* ChatList */,
				039F298527B79C9400D82F05 /* Login */,
				0375570627B6A047009A12E7 /* AppDelegate.swift */,
				0375570A27B6A047009A12E7 /* ViewController.swift */,
				0375570C27B6A047009A12E7 /* Main.storyboard */,
				0375570F27B6A049009A12E7 /* Assets.xcassets */,
				0375571127B6A049009A12E7 /* LaunchScreen.storyboard */,
				0375571427B6A049009A12E7 /* Info.plist */,
			);
			path = "qiscus-case-study";
			sourceTree = "<group>";
		};
		039F298527B79C9400D82F05 /* Login */ = {
			isa = PBXGroup;
			children = (
				039F298C27B79D2700D82F05 /* LoginViewController.swift */,
				039F298D27B79D2700D82F05 /* LoginViewController.xib */,
				0375570827B6A047009A12E7 /* SceneDelegate.swift */,
			);
			path = Login;
			sourceTree = "<group>";
		};
		039F298627B79C9C00D82F05 /* ChatList */ = {
			isa = PBXGroup;
			children = (
				034724EC27B7B29C0094E2C4 /* ChatListTableViewController.swift */,
				034724ED27B7B29C0094E2C4 /* ChatListTableViewController.xib */,
				034724F027B7B44F0094E2C4 /* ChatListViewModel.swift */,
			);
			path = ChatList;
			sourceTree = "<group>";
		};
		039F298727B79CB700D82F05 /* ChatView */ = {
			isa = PBXGroup;
			children = (
			);
			path = ChatView;
			sourceTree = "<group>";
		};
		420A05312C680A47760E1D35 /* Pods */ = {
			isa = PBXGroup;
			children = (
				6BACA587E16D6ED5AECE976A /* Pods-qiscus-case-study.debug.xcconfig */,
				44FC9449A75932378857F9AC /* Pods-qiscus-case-study.release.xcconfig */,
			);
			path = Pods;
			sourceTree = "<group>";
		};
		F884C9A61EF8A3E96931EBE4 /* Frameworks */ = {
			isa = PBXGroup;
			children = (
				C4C66A8431519676ADB7F9E0 /* Pods_qiscus_case_study.framework */,
			);
			name = Frameworks;
			sourceTree = "<group>";
		};
/* End PBXGroup section */

/* Begin PBXNativeTarget section */
		0375570227B6A047009A12E7 /* qiscus-case-study */ = {
			isa = PBXNativeTarget;
			buildConfigurationList = 0375571727B6A049009A12E7 /* Build configuration list for PBXNativeTarget "qiscus-case-study" */;
			buildPhases = (
				3B26C41A0181C2E9267A3820 /* [CP] Check Pods Manifest.lock */,
				037556FF27B6A047009A12E7 /* Sources */,
				0375570027B6A047009A12E7 /* Frameworks */,
				0375570127B6A047009A12E7 /* Resources */,
				075F693D167AB851F2600393 /* [CP] Embed Pods Frameworks */,
			);
			buildRules = (
			);
			dependencies = (
			);
			name = "qiscus-case-study";
			productName = "qiscus-case-study";
			productReference = 0375570327B6A047009A12E7 /* qiscus-case-study.app */;
			productType = "com.apple.product-type.application";
		};
/* End PBXNativeTarget section */

/* Begin PBXProject section */
		037556FB27B6A047009A12E7 /* Project object */ = {
			isa = PBXProject;
			attributes = {
				BuildIndependentTargetsInParallel = 1;
				LastSwiftUpdateCheck = 1310;
				LastUpgradeCheck = 1310;
				TargetAttributes = {
					0375570227B6A047009A12E7 = {
						CreatedOnToolsVersion = 13.1;
					};
				};
			};
			buildConfigurationList = 037556FE27B6A047009A12E7 /* Build configuration list for PBXProject "qiscus-case-study" */;
			compatibilityVersion = "Xcode 13.0";
			developmentRegion = en;
			hasScannedForEncodings = 0;
			knownRegions = (
				en,
				Base,
			);
			mainGroup = 037556FA27B6A047009A12E7;
			productRefGroup = 0375570427B6A047009A12E7 /* Products */;
			projectDirPath = "";
			projectRoot = "";
			targets = (
				0375570227B6A047009A12E7 /* qiscus-case-study */,
			);
		};
/* End PBXProject section */

/* Begin PBXResourcesBuildPhase section */
		0375570127B6A047009A12E7 /* Resources */ = {
			isa = PBXResourcesBuildPhase;
			buildActionMask = 2147483647;
			files = (
				039F298F27B79D2700D82F05 /* LoginViewController.xib in Resources */,
				034724EF27B7B29C0094E2C4 /* ChatListTableViewController.xib in Resources */,
				0375571327B6A049009A12E7 /* LaunchScreen.storyboard in Resources */,
				0375571027B6A049009A12E7 /* Assets.xcassets in Resources */,
				0375570E27B6A047009A12E7 /* Main.storyboard in Resources */,
			);
			runOnlyForDeploymentPostprocessing = 0;
		};
/* End PBXResourcesBuildPhase section */

/* Begin PBXShellScriptBuildPhase section */
		075F693D167AB851F2600393 /* [CP] Embed Pods Frameworks */ = {
			isa = PBXShellScriptBuildPhase;
			buildActionMask = 2147483647;
			files = (
			);
			inputFileListPaths = (
				"${PODS_ROOT}/Target Support Files/Pods-qiscus-case-study/Pods-qiscus-case-study-frameworks-${CONFIGURATION}-input-files.xcfilelist",
			);
			name = "[CP] Embed Pods Frameworks";
			outputFileListPaths = (
				"${PODS_ROOT}/Target Support Files/Pods-qiscus-case-study/Pods-qiscus-case-study-frameworks-${CONFIGURATION}-output-files.xcfilelist",
			);
			runOnlyForDeploymentPostprocessing = 0;
			shellPath = /bin/sh;
			shellScript = "\"${PODS_ROOT}/Target Support Files/Pods-qiscus-case-study/Pods-qiscus-case-study-frameworks.sh\"\n";
			showEnvVarsInLog = 0;
		};
		3B26C41A0181C2E9267A3820 /* [CP] Check Pods Manifest.lock */ = {
			isa = PBXShellScriptBuildPhase;
			buildActionMask = 2147483647;
			files = (
			);
			inputFileListPaths = (
			);
			inputPaths = (
				"${PODS_PODFILE_DIR_PATH}/Podfile.lock",
				"${PODS_ROOT}/Manifest.lock",
			);
			name = "[CP] Check Pods Manifest.lock";
			outputFileListPaths = (
			);
			outputPaths = (
				"$(DERIVED_FILE_DIR)/Pods-qiscus-case-study-checkManifestLockResult.txt",
			);
			runOnlyForDeploymentPostprocessing = 0;
			shellPath = /bin/sh;
			shellScript = "diff \"${PODS_PODFILE_DIR_PATH}/Podfile.lock\" \"${PODS_ROOT}/Manifest.lock\" > /dev/null\nif [ $? != 0 ] ; then\n    # print error to STDERR\n    echo \"error: The sandbox is not in sync with the Podfile.lock. Run 'pod install' or update your CocoaPods installation.\" >&2\n    exit 1\nfi\n# This output is used by Xcode 'outputs' to avoid re-running this script phase.\necho \"SUCCESS\" > \"${SCRIPT_OUTPUT_FILE_0}\"\n";
			showEnvVarsInLog = 0;
		};
/* End PBXShellScriptBuildPhase section */

/* Begin PBXSourcesBuildPhase section */
		037556FF27B6A047009A12E7 /* Sources */ = {
			isa = PBXSourcesBuildPhase;
			buildActionMask = 2147483647;
			files = (
				034724F127B7B44F0094E2C4 /* ChatListViewModel.swift in Sources */,
				0375570B27B6A047009A12E7 /* ViewController.swift in Sources */,
				0375570727B6A047009A12E7 /* AppDelegate.swift in Sources */,
				034724EE27B7B29C0094E2C4 /* ChatListTableViewController.swift in Sources */,
				039F298E27B79D2700D82F05 /* LoginViewController.swift in Sources */,
				0375570927B6A047009A12E7 /* SceneDelegate.swift in Sources */,
			);
			runOnlyForDeploymentPostprocessing = 0;
		};
/* End PBXSourcesBuildPhase section */

/* Begin PBXVariantGroup section */
		0375570C27B6A047009A12E7 /* Main.storyboard */ = {
			isa = PBXVariantGroup;
			children = (
				0375570D27B6A047009A12E7 /* Base */,
			);
			name = Main.storyboard;
			sourceTree = "<group>";
		};
		0375571127B6A049009A12E7 /* LaunchScreen.storyboard */ = {
			isa = PBXVariantGroup;
			children = (
				0375571227B6A049009A12E7 /* Base */,
			);
			name = LaunchScreen.storyboard;
			sourceTree = "<group>";
		};
/* End PBXVariantGroup section */

/* Begin XCBuildConfiguration section */
		0375571527B6A049009A12E7 /* Debug */ = {
			isa = XCBuildConfiguration;
			buildSettings = {
				ALWAYS_SEARCH_USER_PATHS = NO;
				CLANG_ANALYZER_NONNULL = YES;
				CLANG_ANALYZER_NUMBER_OBJECT_CONVERSION = YES_AGGRESSIVE;
				CLANG_CXX_LANGUAGE_STANDARD = "gnu++17";
				CLANG_CXX_LIBRARY = "libc++";
				CLANG_ENABLE_MODULES = YES;
				CLANG_ENABLE_OBJC_ARC = YES;
				CLANG_ENABLE_OBJC_WEAK = YES;
				CLANG_WARN_BLOCK_CAPTURE_AUTORELEASING = YES;
				CLANG_WARN_BOOL_CONVERSION = YES;
				CLANG_WARN_COMMA = YES;
				CLANG_WARN_CONSTANT_CONVERSION = YES;
				CLANG_WARN_DEPRECATED_OBJC_IMPLEMENTATIONS = YES;
				CLANG_WARN_DIRECT_OBJC_ISA_USAGE = YES_ERROR;
				CLANG_WARN_DOCUMENTATION_COMMENTS = YES;
				CLANG_WARN_EMPTY_BODY = YES;
				CLANG_WARN_ENUM_CONVERSION = YES;
				CLANG_WARN_INFINITE_RECURSION = YES;
				CLANG_WARN_INT_CONVERSION = YES;
				CLANG_WARN_NON_LITERAL_NULL_CONVERSION = YES;
				CLANG_WARN_OBJC_IMPLICIT_RETAIN_SELF = YES;
				CLANG_WARN_OBJC_LITERAL_CONVERSION = YES;
				CLANG_WARN_OBJC_ROOT_CLASS = YES_ERROR;
				CLANG_WARN_QUOTED_INCLUDE_IN_FRAMEWORK_HEADER = YES;
				CLANG_WARN_RANGE_LOOP_ANALYSIS = YES;
				CLANG_WARN_STRICT_PROTOTYPES = YES;
				CLANG_WARN_SUSPICIOUS_MOVE = YES;
				CLANG_WARN_UNGUARDED_AVAILABILITY = YES_AGGRESSIVE;
				CLANG_WARN_UNREACHABLE_CODE = YES;
				CLANG_WARN__DUPLICATE_METHOD_MATCH = YES;
				COPY_PHASE_STRIP = NO;
				DEBUG_INFORMATION_FORMAT = dwarf;
				ENABLE_STRICT_OBJC_MSGSEND = YES;
				ENABLE_TESTABILITY = YES;
				GCC_C_LANGUAGE_STANDARD = gnu11;
				GCC_DYNAMIC_NO_PIC = NO;
				GCC_NO_COMMON_BLOCKS = YES;
				GCC_OPTIMIZATION_LEVEL = 0;
				GCC_PREPROCESSOR_DEFINITIONS = (
					"DEBUG=1",
					"$(inherited)",
				);
				GCC_WARN_64_TO_32_BIT_CONVERSION = YES;
				GCC_WARN_ABOUT_RETURN_TYPE = YES_ERROR;
				GCC_WARN_UNDECLARED_SELECTOR = YES;
				GCC_WARN_UNINITIALIZED_AUTOS = YES_AGGRESSIVE;
				GCC_WARN_UNUSED_FUNCTION = YES;
				GCC_WARN_UNUSED_VARIABLE = YES;
				IPHONEOS_DEPLOYMENT_TARGET = 15.0;
				MTL_ENABLE_DEBUG_INFO = INCLUDE_SOURCE;
				MTL_FAST_MATH = YES;
				ONLY_ACTIVE_ARCH = YES;
				SDKROOT = iphoneos;
				SWIFT_ACTIVE_COMPILATION_CONDITIONS = DEBUG;
				SWIFT_OPTIMIZATION_LEVEL = "-Onone";
			};
			name = Debug;
		};
		0375571627B6A049009A12E7 /* Release */ = {
			isa = XCBuildConfiguration;
			buildSettings = {
				ALWAYS_SEARCH_USER_PATHS = NO;
				CLANG_ANALYZER_NONNULL = YES;
				CLANG_ANALYZER_NUMBER_OBJECT_CONVERSION = YES_AGGRESSIVE;
				CLANG_CXX_LANGUAGE_STANDARD = "gnu++17";
				CLANG_CXX_LIBRARY = "libc++";
				CLANG_ENABLE_MODULES = YES;
				CLANG_ENABLE_OBJC_ARC = YES;
				CLANG_ENABLE_OBJC_WEAK = YES;
				CLANG_WARN_BLOCK_CAPTURE_AUTORELEASING = YES;
				CLANG_WARN_BOOL_CONVERSION = YES;
				CLANG_WARN_COMMA = YES;
				CLANG_WARN_CONSTANT_CONVERSION = YES;
				CLANG_WARN_DEPRECATED_OBJC_IMPLEMENTATIONS = YES;
				CLANG_WARN_DIRECT_OBJC_ISA_USAGE = YES_ERROR;
				CLANG_WARN_DOCUMENTATION_COMMENTS = YES;
				CLANG_WARN_EMPTY_BODY = YES;
				CLANG_WARN_ENUM_CONVERSION = YES;
				CLANG_WARN_INFINITE_RECURSION = YES;
				CLANG_WARN_INT_CONVERSION = YES;
				CLANG_WARN_NON_LITERAL_NULL_CONVERSION = YES;
				CLANG_WARN_OBJC_IMPLICIT_RETAIN_SELF = YES;
				CLANG_WARN_OBJC_LITERAL_CONVERSION = YES;
				CLANG_WARN_OBJC_ROOT_CLASS = YES_ERROR;
				CLANG_WARN_QUOTED_INCLUDE_IN_FRAMEWORK_HEADER = YES;
				CLANG_WARN_RANGE_LOOP_ANALYSIS = YES;
				CLANG_WARN_STRICT_PROTOTYPES = YES;
				CLANG_WARN_SUSPICIOUS_MOVE = YES;
				CLANG_WARN_UNGUARDED_AVAILABILITY = YES_AGGRESSIVE;
				CLANG_WARN_UNREACHABLE_CODE = YES;
				CLANG_WARN__DUPLICATE_METHOD_MATCH = YES;
				COPY_PHASE_STRIP = NO;
				DEBUG_INFORMATION_FORMAT = "dwarf-with-dsym";
				ENABLE_NS_ASSERTIONS = NO;
				ENABLE_STRICT_OBJC_MSGSEND = YES;
				GCC_C_LANGUAGE_STANDARD = gnu11;
				GCC_NO_COMMON_BLOCKS = YES;
				GCC_WARN_64_TO_32_BIT_CONVERSION = YES;
				GCC_WARN_ABOUT_RETURN_TYPE = YES_ERROR;
				GCC_WARN_UNDECLARED_SELECTOR = YES;
				GCC_WARN_UNINITIALIZED_AUTOS = YES_AGGRESSIVE;
				GCC_WARN_UNUSED_FUNCTION = YES;
				GCC_WARN_UNUSED_VARIABLE = YES;
				IPHONEOS_DEPLOYMENT_TARGET = 15.0;
				MTL_ENABLE_DEBUG_INFO = NO;
				MTL_FAST_MATH = YES;
				SDKROOT = iphoneos;
				SWIFT_COMPILATION_MODE = wholemodule;
				SWIFT_OPTIMIZATION_LEVEL = "-O";
				VALIDATE_PRODUCT = YES;
			};
			name = Release;
		};
		0375571827B6A049009A12E7 /* Debug */ = {
			isa = XCBuildConfiguration;
			baseConfigurationReference = 6BACA587E16D6ED5AECE976A /* Pods-qiscus-case-study.debug.xcconfig */;
			buildSettings = {
				ASSETCATALOG_COMPILER_APPICON_NAME = AppIcon;
				ASSETCATALOG_COMPILER_GLOBAL_ACCENT_COLOR_NAME = AccentColor;
				CODE_SIGN_STYLE = Automatic;
				CURRENT_PROJECT_VERSION = 1;
				DEVELOPMENT_TEAM = 846H8ZXGL8;
				GENERATE_INFOPLIST_FILE = YES;
				INFOPLIST_FILE = "qiscus-case-study/Info.plist";
				INFOPLIST_KEY_UIApplicationSupportsIndirectInputEvents = YES;
				INFOPLIST_KEY_UILaunchStoryboardName = LaunchScreen;
				INFOPLIST_KEY_UIMainStoryboardFile = Main;
				INFOPLIST_KEY_UISupportedInterfaceOrientations_iPad = "UIInterfaceOrientationPortrait UIInterfaceOrientationPortraitUpsideDown UIInterfaceOrientationLandscapeLeft UIInterfaceOrientationLandscapeRight";
				INFOPLIST_KEY_UISupportedInterfaceOrientations_iPhone = "UIInterfaceOrientationPortrait UIInterfaceOrientationLandscapeLeft UIInterfaceOrientationLandscapeRight";
				LD_RUNPATH_SEARCH_PATHS = (
					"$(inherited)",
					"@executable_path/Frameworks",
				);
				MARKETING_VERSION = 1.0;
				PRODUCT_BUNDLE_IDENTIFIER = "com.galangaji.qiscus-case-study";
				PRODUCT_NAME = "$(TARGET_NAME)";
				SWIFT_EMIT_LOC_STRINGS = YES;
				SWIFT_VERSION = 5.0;
				TARGETED_DEVICE_FAMILY = "1,2";
			};
			name = Debug;
		};
		0375571927B6A049009A12E7 /* Release */ = {
			isa = XCBuildConfiguration;
			baseConfigurationReference = 44FC9449A75932378857F9AC /* Pods-qiscus-case-study.release.xcconfig */;
			buildSettings = {
				ASSETCATALOG_COMPILER_APPICON_NAME = AppIcon;
				ASSETCATALOG_COMPILER_GLOBAL_ACCENT_COLOR_NAME = AccentColor;
				CODE_SIGN_STYLE = Automatic;
				CURRENT_PROJECT_VERSION = 1;
				DEVELOPMENT_TEAM = 846H8ZXGL8;
				GENERATE_INFOPLIST_FILE = YES;
				INFOPLIST_FILE = "qiscus-case-study/Info.plist";
				INFOPLIST_KEY_UIApplicationSupportsIndirectInputEvents = YES;
				INFOPLIST_KEY_UILaunchStoryboardName = LaunchScreen;
				INFOPLIST_KEY_UIMainStoryboardFile = Main;
				INFOPLIST_KEY_UISupportedInterfaceOrientations_iPad = "UIInterfaceOrientationPortrait UIInterfaceOrientationPortraitUpsideDown UIInterfaceOrientationLandscapeLeft UIInterfaceOrientationLandscapeRight";
				INFOPLIST_KEY_UISupportedInterfaceOrientations_iPhone = "UIInterfaceOrientationPortrait UIInterfaceOrientationLandscapeLeft UIInterfaceOrientationLandscapeRight";
				LD_RUNPATH_SEARCH_PATHS = (
					"$(inherited)",
					"@executable_path/Frameworks",
				);
				MARKETING_VERSION = 1.0;
				PRODUCT_BUNDLE_IDENTIFIER = "com.galangaji.qiscus-case-study";
				PRODUCT_NAME = "$(TARGET_NAME)";
				SWIFT_EMIT_LOC_STRINGS = YES;
				SWIFT_VERSION = 5.0;
				TARGETED_DEVICE_FAMILY = "1,2";
			};
			name = Release;
		};
/* End XCBuildConfiguration section */

/* Begin XCConfigurationList section */
		037556FE27B6A047009A12E7 /* Build configuration list for PBXProject "qiscus-case-study" */ = {
			isa = XCConfigurationList;
			buildConfigurations = (
				0375571527B6A049009A12E7 /* Debug */,
				0375571627B6A049009A12E7 /* Release */,
			);
			defaultConfigurationIsVisible = 0;
			defaultConfigurationName = Release;
		};
		0375571727B6A049009A12E7 /* Build configuration list for PBXNativeTarget "qiscus-case-study" */ = {
			isa = XCConfigurationList;
			buildConfigurations = (
				0375571827B6A049009A12E7 /* Debug */,
				0375571927B6A049009A12E7 /* Release */,
			);
			defaultConfigurationIsVisible = 0;
			defaultConfigurationName = Release;
		};
/* End XCConfigurationList section */
	};
	rootObject = 037556FB27B6A047009A12E7 /* Project object */;
}
